
Microsoft Visual Studio Solution File, Format Version 12.00
# Visual Studio Version 16
VisualStudioVersion = 16.0.30104.148
MinimumVisualStudioVersion = 10.0.40219.1
Project("{FAE04EC0-301F-11D3-BF4B-00C04F79EFBC}") = "ReflexOffice.Server", "ReflexOffice.Server\ReflexOffice.Server.csproj", "{0AE6C190-CCE4-44E9-A70E-BA191927543E}"
EndProject
Project("{FAE04EC0-301F-11D3-BF4B-00C04F79EFBC}") = "ReflexOffice.Shared", "ReflexOffice.Shared\ReflexOffice.Shared.csproj", "{30665B6F-07FA-4330-BEB1-9788F752D065}"
EndProject
Project("{FAE04EC0-301F-11D3-BF4B-00C04F79EFBC}") = "ReflexOffice.Database", "ReflexOffice.Database\ReflexOffice.Database.csproj", "{F70F4C5B-B84F-45C7-9A70-AC8B6934179A}"
	ProjectSection(ProjectDependencies) = postProject
		{30665B6F-07FA-4330-BEB1-9788F752D065} = {30665B6F-07FA-4330-BEB1-9788F752D065}
	EndProjectSection
EndProject
Project("{FAE04EC0-301F-11D3-BF4B-00C04F79EFBC}") = "ReflexOffice.ClientApp", "ReflexOffice.ClientApp\ReflexOffice.ClientApp.csproj", "{3DF7C97B-58F7-456C-AD11-41DEAA44EC64}"
	ProjectSection(ProjectDependencies) = postProject
		{30665B6F-07FA-4330-BEB1-9788F752D065} = {30665B6F-07FA-4330-BEB1-9788F752D065}
		{0AE6C190-CCE4-44E9-A70E-BA191927543E} = {0AE6C190-CCE4-44E9-A70E-BA191927543E}
	EndProjectSection
EndProject
Global
	GlobalSection(SolutionConfigurationPlatforms) = preSolution
		Debug|Any CPU = Debug|Any CPU
		Release|Any CPU = Release|Any CPU
	EndGlobalSection
	GlobalSection(ProjectConfigurationPlatforms) = postSolution
		{0AE6C190-CCE4-44E9-A70E-BA191927543E}.Debug|Any CPU.ActiveCfg = Debug|Any CPU
		{0AE6C190-CCE4-44E9-A70E-BA191927543E}.Debug|Any CPU.Build.0 = Debug|Any CPU
		{0AE6C190-CCE4-44E9-A70E-BA191927543E}.Release|Any CPU.ActiveCfg = Release|Any CPU
		{0AE6C190-CCE4-44E9-A70E-BA191927543E}.Release|Any CPU.Build.0 = Release|Any CPU
		{30665B6F-07FA-4330-BEB1-9788F752D065}.Debug|Any CPU.ActiveCfg = Debug|Any CPU
		{30665B6F-07FA-4330-BEB1-9788F752D065}.Debug|Any CPU.Build.0 = Debug|Any CPU
		{30665B6F-07FA-4330-BEB1-9788F752D065}.Release|Any CPU.ActiveCfg = Release|Any CPU
		{30665B6F-07FA-4330-BEB1-9788F752D065}.Release|Any CPU.Build.0 = Release|Any CPU
		{F70F4C5B-B84F-45C7-9A70-AC8B6934179A}.Debug|Any CPU.ActiveCfg = Debug|Any CPU
		{F70F4C5B-B84F-45C7-9A70-AC8B6934179A}.Debug|Any CPU.Build.0 = Debug|Any CPU
		{F70F4C5B-B84F-45C7-9A70-AC8B6934179A}.Release|Any CPU.ActiveCfg = Release|Any CPU
		{F70F4C5B-B84F-45C7-9A70-AC8B6934179A}.Release|Any CPU.Build.0 = Release|Any CPU
		{3DF7C97B-58F7-456C-AD11-41DEAA44EC64}.Debug|Any CPU.ActiveCfg = Debug|Any CPU
		{3DF7C97B-58F7-456C-AD11-41DEAA44EC64}.Debug|Any CPU.Build.0 = Debug|Any CPU
		{3DF7C97B-58F7-456C-AD11-41DEAA44EC64}.Release|Any CPU.ActiveCfg = Release|Any CPU
		{3DF7C97B-58F7-456C-AD11-41DEAA44EC64}.Release|Any CPU.Build.0 = Release|Any CPU
	EndGlobalSection
	GlobalSection(SolutionProperties) = preSolution
		HideSolutionNode = FALSE
	EndGlobalSection
	GlobalSection(ExtensibilityGlobals) = postSolution
		SolutionGuid = {0BD70838-ADAA-4E96-8DE5-85EABE3BE47A}
	EndGlobalSection
EndGlobal
